{
  "pins" : [
    {
      "identity" : "uicomponent",
      "kind" : "remoteSourceControl",
      "location" : "https://github.com/yanun0323/UIComponent.git",
      "state" : {
        "branch" : "master",
        "revision" : "f98a2e029fbe067ee30b41fdde4f1d5ec92a1e3e"
      }
    }
  ],
  "version" : 2
}
