{
  "pins" : [
    {
      "identity" : "uicomponent",
      "kind" : "remoteSourceControl",
      "location" : "https://github.com/yanun0323/UIComponent.git",
      "state" : {
        "branch" : "master",
        "revision" : "bd179d57161c48a51629c066f6cce73716b1f2dd"
      }
    }
  ],
  "version" : 2
}
