// !$*UTF8*$!
{
	archiveVersion = 1;
	classes = {
	};
	objectVersion = 56;
	objects = {

/* Begin PBXBuildFile section */
		A805FFAA2908E17100918B49 /* MarkdownInteractor.swift in Sources */ = {isa = PBXBuildFile; fileRef = A805FFA92908E17100918B49 /* MarkdownInteractor.swift */; };
		A805FFAE2908F99100918B49 /* Repository.swift in Sources */ = {isa = PBXBuildFile; fileRef = A805FFAD2908F99100918B49 /* Repository.swift */; };
		A805FFB22908FAB800918B49 /* DaoMock.swift in Sources */ = {isa = PBXBuildFile; fileRef = A805FFB12908FAB800918B49 /* DaoMock.swift */; };
		A805FFB82909BFDE00918B49 /* Dao.swift in Sources */ = {isa = PBXBuildFile; fileRef = A805FFB72909BFDE00918B49 /* Dao.swift */; };
		A805FFBA2909C0C300918B49 /* PersistenceController.swift in Sources */ = {isa = PBXBuildFile; fileRef = A805FFB92909C0C300918B49 /* PersistenceController.swift */; };
		A805FFBC2909C31000918B49 /* UsertaskMO.swift in Sources */ = {isa = PBXBuildFile; fileRef = A805FFBB2909C31000918B49 /* UsertaskMO.swift */; };
		A8357F3828FC677800B0CDC8 /* MultipleTaskListView.swift in Sources */ = {isa = PBXBuildFile; fileRef = A8357F3728FC677800B0CDC8 /* MultipleTaskListView.swift */; };
		A8375E1C290BEC3100D4E447 /* UserSettingInteractor.swift in Sources */ = {isa = PBXBuildFile; fileRef = A8375E1B290BEC3100D4E447 /* UserSettingInteractor.swift */; };
		A85C4E4428D9A78900FB673A /* FadenoApp.swift in Sources */ = {isa = PBXBuildFile; fileRef = A85C4E4328D9A78900FB673A /* FadenoApp.swift */; };
		A85C4E4628D9A78900FB673A /* ContentView.swift in Sources */ = {isa = PBXBuildFile; fileRef = A85C4E4528D9A78900FB673A /* ContentView.swift */; };
		A85C4E4828D9A78B00FB673A /* Assets.xcassets in Resources */ = {isa = PBXBuildFile; fileRef = A85C4E4728D9A78B00FB673A /* Assets.xcassets */; };
		A85C4E4B28D9A78B00FB673A /* Preview Assets.xcassets in Resources */ = {isa = PBXBuildFile; fileRef = A85C4E4A28D9A78B00FB673A /* Preview Assets.xcassets */; };
		A85C4E5D28DA305C00FB673A /* DIContainer.swift in Sources */ = {isa = PBXBuildFile; fileRef = A85C4E5C28DA305C00FB673A /* DIContainer.swift */; };
		A85C4E6928DA366D00FB673A /* Usertask.swift in Sources */ = {isa = PBXBuildFile; fileRef = A85C4E6828DA366D00FB673A /* Usertask.swift */; };
		A85C4E6B28DAB34000FB673A /* MarkdownContent.swift in Sources */ = {isa = PBXBuildFile; fileRef = A85C4E6A28DAB34000FB673A /* MarkdownContent.swift */; };
		A85C4E8128DAC9F200FB673A /* Extension.swift in Sources */ = {isa = PBXBuildFile; fileRef = A85C4E8028DAC9F200FB673A /* Extension.swift */; };
		A85C4E8D28DAED9600FB673A /* UIComponent in Frameworks */ = {isa = PBXBuildFile; productRef = A85C4E8C28DAED9600FB673A /* UIComponent */; };
		A864DB3C28EBFF3200B9DC46 /* Mock.swift in Sources */ = {isa = PBXBuildFile; fileRef = A864DB3B28EBFF3200B9DC46 /* Mock.swift */; };
		A864DB4028EC0D6700B9DC46 /* TaskRow.swift in Sources */ = {isa = PBXBuildFile; fileRef = A864DB3F28EC0D6700B9DC46 /* TaskRow.swift */; };
		A864DB4328EC210800B9DC46 /* Config.swift in Sources */ = {isa = PBXBuildFile; fileRef = A864DB4228EC210800B9DC46 /* Config.swift */; };
		A864DB8528F5140500B9DC46 /* SearchBlock.swift in Sources */ = {isa = PBXBuildFile; fileRef = A864DB8428F5140500B9DC46 /* SearchBlock.swift */; };
		A86FEB3428E459B800E42FEE /* MainView.swift in Sources */ = {isa = PBXBuildFile; fileRef = A86FEB3328E459B800E42FEE /* MainView.swift */; };
		A86FEB3628E57F7800E42FEE /* AppState.swift in Sources */ = {isa = PBXBuildFile; fileRef = A86FEB3528E57F7800E42FEE /* AppState.swift */; };
		A86FEB3A28E5804800E42FEE /* UsertaskInteractor.swift in Sources */ = {isa = PBXBuildFile; fileRef = A86FEB3928E5804800E42FEE /* UsertaskInteractor.swift */; };
		A8C1E78128E5ABEC001878EF /* Database.xcdatamodeld in Sources */ = {isa = PBXBuildFile; fileRef = A8C1E77F28E5ABEC001878EF /* Database.xcdatamodeld */; };
		A8D6655E28F66AF500220661 /* TaskBlock.swift in Sources */ = {isa = PBXBuildFile; fileRef = A8D6655D28F66AF500220661 /* TaskBlock.swift */; };
		A8D6656628F66E5400220661 /* Localizable.strings in Resources */ = {isa = PBXBuildFile; fileRef = A8D6656828F66E5400220661 /* Localizable.strings */; };
		A8D6656B28F68B2800220661 /* SwiftUIListRecoder.swift in Sources */ = {isa = PBXBuildFile; fileRef = A8D6656A28F68B2800220661 /* SwiftUIListRecoder.swift */; };
		A8E40E88290A661300BA4ED8 /* SingleTaskListView.swift in Sources */ = {isa = PBXBuildFile; fileRef = A8E40E87290A661300BA4ED8 /* SingleTaskListView.swift */; };
		A8E40E8A290BB00800BA4ED8 /* SettingView.swift in Sources */ = {isa = PBXBuildFile; fileRef = A8E40E89290BB00800BA4ED8 /* SettingView.swift */; };
		A8E40E8D290BBBDB00BA4ED8 /* ProfileView.swift in Sources */ = {isa = PBXBuildFile; fileRef = A8E40E8C290BBBDB00BA4ED8 /* ProfileView.swift */; };
		A8E40E8F290BBDD800BA4ED8 /* HomeView.swift in Sources */ = {isa = PBXBuildFile; fileRef = A8E40E8E290BBDD800BA4ED8 /* HomeView.swift */; };
/* End PBXBuildFile section */

/* Begin PBXFileReference section */
		A805FFA92908E17100918B49 /* MarkdownInteractor.swift */ = {isa = PBXFileReference; lastKnownFileType = sourcecode.swift; path = MarkdownInteractor.swift; sourceTree = "<group>"; };
		A805FFAD2908F99100918B49 /* Repository.swift */ = {isa = PBXFileReference; lastKnownFileType = sourcecode.swift; path = Repository.swift; sourceTree = "<group>"; };
		A805FFB12908FAB800918B49 /* DaoMock.swift */ = {isa = PBXFileReference; lastKnownFileType = sourcecode.swift; path = DaoMock.swift; sourceTree = "<group>"; };
		A805FFB72909BFDE00918B49 /* Dao.swift */ = {isa = PBXFileReference; lastKnownFileType = sourcecode.swift; path = Dao.swift; sourceTree = "<group>"; };
		A805FFB92909C0C300918B49 /* PersistenceController.swift */ = {isa = PBXFileReference; lastKnownFileType = sourcecode.swift; path = PersistenceController.swift; sourceTree = "<group>"; };
		A805FFBB2909C31000918B49 /* UsertaskMO.swift */ = {isa = PBXFileReference; lastKnownFileType = sourcecode.swift; path = UsertaskMO.swift; sourceTree = "<group>"; };
		A8357F3728FC677800B0CDC8 /* MultipleTaskListView.swift */ = {isa = PBXFileReference; lastKnownFileType = sourcecode.swift; path = MultipleTaskListView.swift; sourceTree = "<group>"; };
		A8375E1B290BEC3100D4E447 /* UserSettingInteractor.swift */ = {isa = PBXFileReference; lastKnownFileType = sourcecode.swift; path = UserSettingInteractor.swift; sourceTree = "<group>"; };
		A85C4E4028D9A78900FB673A /* Fadeno.app */ = {isa = PBXFileReference; explicitFileType = wrapper.application; includeInIndex = 0; path = Fadeno.app; sourceTree = BUILT_PRODUCTS_DIR; };
		A85C4E4328D9A78900FB673A /* FadenoApp.swift */ = {isa = PBXFileReference; lastKnownFileType = sourcecode.swift; path = FadenoApp.swift; sourceTree = "<group>"; };
		A85C4E4528D9A78900FB673A /* ContentView.swift */ = {isa = PBXFileReference; lastKnownFileType = sourcecode.swift; path = ContentView.swift; sourceTree = "<group>"; };
		A85C4E4728D9A78B00FB673A /* Assets.xcassets */ = {isa = PBXFileReference; lastKnownFileType = folder.assetcatalog; path = Assets.xcassets; sourceTree = "<group>"; };
		A85C4E4A28D9A78B00FB673A /* Preview Assets.xcassets */ = {isa = PBXFileReference; lastKnownFileType = folder.assetcatalog; path = "Preview Assets.xcassets"; sourceTree = "<group>"; };
		A85C4E4C28D9A78B00FB673A /* Fadeno.entitlements */ = {isa = PBXFileReference; lastKnownFileType = text.plist.entitlements; path = Fadeno.entitlements; sourceTree = "<group>"; };
		A85C4E5C28DA305C00FB673A /* DIContainer.swift */ = {isa = PBXFileReference; lastKnownFileType = sourcecode.swift; path = DIContainer.swift; sourceTree = "<group>"; };
		A85C4E6828DA366D00FB673A /* Usertask.swift */ = {isa = PBXFileReference; lastKnownFileType = sourcecode.swift; path = Usertask.swift; sourceTree = "<group>"; };
		A85C4E6A28DAB34000FB673A /* MarkdownContent.swift */ = {isa = PBXFileReference; lastKnownFileType = sourcecode.swift; path = MarkdownContent.swift; sourceTree = "<group>"; };
		A85C4E8028DAC9F200FB673A /* Extension.swift */ = {isa = PBXFileReference; lastKnownFileType = sourcecode.swift; path = Extension.swift; sourceTree = "<group>"; };
		A864DB3B28EBFF3200B9DC46 /* Mock.swift */ = {isa = PBXFileReference; lastKnownFileType = sourcecode.swift; path = Mock.swift; sourceTree = "<group>"; };
		A864DB3F28EC0D6700B9DC46 /* TaskRow.swift */ = {isa = PBXFileReference; lastKnownFileType = sourcecode.swift; path = TaskRow.swift; sourceTree = "<group>"; };
		A864DB4228EC210800B9DC46 /* Config.swift */ = {isa = PBXFileReference; lastKnownFileType = sourcecode.swift; path = Config.swift; sourceTree = "<group>"; };
		A864DB8428F5140500B9DC46 /* SearchBlock.swift */ = {isa = PBXFileReference; lastKnownFileType = sourcecode.swift; path = SearchBlock.swift; sourceTree = "<group>"; };
		A86FEB3328E459B800E42FEE /* MainView.swift */ = {isa = PBXFileReference; lastKnownFileType = sourcecode.swift; path = MainView.swift; sourceTree = "<group>"; };
		A86FEB3528E57F7800E42FEE /* AppState.swift */ = {isa = PBXFileReference; lastKnownFileType = sourcecode.swift; path = AppState.swift; sourceTree = "<group>"; };
		A86FEB3928E5804800E42FEE /* UsertaskInteractor.swift */ = {isa = PBXFileReference; lastKnownFileType = sourcecode.swift; path = UsertaskInteractor.swift; sourceTree = "<group>"; };
		A8C1E78028E5ABEC001878EF /* Database.xcdatamodel */ = {isa = PBXFileReference; lastKnownFileType = wrapper.xcdatamodel; path = Database.xcdatamodel; sourceTree = "<group>"; };
		A8D6655D28F66AF500220661 /* TaskBlock.swift */ = {isa = PBXFileReference; lastKnownFileType = sourcecode.swift; path = TaskBlock.swift; sourceTree = "<group>"; };
		A8D6656728F66E5400220661 /* en */ = {isa = PBXFileReference; lastKnownFileType = text.plist.strings; name = en; path = en.lproj/Localizable.strings; sourceTree = "<group>"; };
		A8D6656928F66E7700220661 /* zh-Hant */ = {isa = PBXFileReference; lastKnownFileType = text.plist.strings; name = "zh-Hant"; path = "zh-Hant.lproj/Localizable.strings"; sourceTree = "<group>"; };
		A8D6656A28F68B2800220661 /* SwiftUIListRecoder.swift */ = {isa = PBXFileReference; lastKnownFileType = sourcecode.swift; path = SwiftUIListRecoder.swift; sourceTree = "<group>"; };
		A8E40E87290A661300BA4ED8 /* SingleTaskListView.swift */ = {isa = PBXFileReference; lastKnownFileType = sourcecode.swift; path = SingleTaskListView.swift; sourceTree = "<group>"; };
		A8E40E89290BB00800BA4ED8 /* SettingView.swift */ = {isa = PBXFileReference; lastKnownFileType = sourcecode.swift; path = SettingView.swift; sourceTree = "<group>"; };
		A8E40E8C290BBBDB00BA4ED8 /* ProfileView.swift */ = {isa = PBXFileReference; lastKnownFileType = sourcecode.swift; path = ProfileView.swift; sourceTree = "<group>"; };
		A8E40E8E290BBDD800BA4ED8 /* HomeView.swift */ = {isa = PBXFileReference; lastKnownFileType = sourcecode.swift; path = HomeView.swift; sourceTree = "<group>"; };
/* End PBXFileReference section */

/* Begin PBXFrameworksBuildPhase section */
		A85C4E3D28D9A78900FB673A /* Frameworks */ = {
			isa = PBXFrameworksBuildPhase;
			buildActionMask = 2147483647;
			files = (
				A85C4E8D28DAED9600FB673A /* UIComponent in Frameworks */,
			);
			runOnlyForDeploymentPostprocessing = 0;
		};
/* End PBXFrameworksBuildPhase section */

/* Begin PBXGroup section */
		A85C4E3728D9A78900FB673A = {
			isa = PBXGroup;
			children = (
				A85C4E4228D9A78900FB673A /* Fadeno */,
				A85C4E4128D9A78900FB673A /* Products */,
			);
			sourceTree = "<group>";
		};
		A85C4E4128D9A78900FB673A /* Products */ = {
			isa = PBXGroup;
			children = (
				A85C4E4028D9A78900FB673A /* Fadeno.app */,
			);
			name = Products;
			sourceTree = "<group>";
		};
		A85C4E4228D9A78900FB673A /* Fadeno */ = {
			isa = PBXGroup;
			children = (
				A85C4E4328D9A78900FB673A /* FadenoApp.swift */,
				A85C4E5428DA174100FB673A /* UI */,
				A85C4E5228DA173600FB673A /* Internal */,
				A85C4E5328DA173B00FB673A /* Resource */,
			);
			path = Fadeno;
			sourceTree = "<group>";
		};
		A85C4E5228DA173600FB673A /* Internal */ = {
			isa = PBXGroup;
			children = (
				A864DB4128EC20E400B9DC46 /* Config */,
				A85C4E7E28DAC9D300FB673A /* Util */,
				A85C4E5A28DA301700FB673A /* CoreData */,
				A85C4E5528DA2FEE00FB673A /* System */,
				A85C4E5828DA300B00FB673A /* Interactor */,
				A85C4E5928DA301000FB673A /* Repository */,
				A85C4E5628DA2FFA00FB673A /* Model */,
			);
			path = Internal;
			sourceTree = "<group>";
		};
		A85C4E5328DA173B00FB673A /* Resource */ = {
			isa = PBXGroup;
			children = (
				A85C4E4728D9A78B00FB673A /* Assets.xcassets */,
				A85C4E4C28D9A78B00FB673A /* Fadeno.entitlements */,
				A85C4E4A28D9A78B00FB673A /* Preview Assets.xcassets */,
				A8D6656828F66E5400220661 /* Localizable.strings */,
			);
			path = Resource;
			sourceTree = "<group>";
		};
		A85C4E5428DA174100FB673A /* UI */ = {
			isa = PBXGroup;
			children = (
				A85C4E4528D9A78900FB673A /* ContentView.swift */,
				A86FEB3328E459B800E42FEE /* MainView.swift */,
				A8E40E8E290BBDD800BA4ED8 /* HomeView.swift */,
				A8357F3728FC677800B0CDC8 /* MultipleTaskListView.swift */,
				A8E40E87290A661300BA4ED8 /* SingleTaskListView.swift */,
				A8E40E8C290BBBDB00BA4ED8 /* ProfileView.swift */,
				A8E40E89290BB00800BA4ED8 /* SettingView.swift */,
				A864DB4428EC399100B9DC46 /* Component */,
			);
			path = UI;
			sourceTree = "<group>";
		};
		A85C4E5528DA2FEE00FB673A /* System */ = {
			isa = PBXGroup;
			children = (
				A85C4E5C28DA305C00FB673A /* DIContainer.swift */,
				A86FEB3528E57F7800E42FEE /* AppState.swift */,
				A864DB3B28EBFF3200B9DC46 /* Mock.swift */,
			);
			path = System;
			sourceTree = "<group>";
		};
		A85C4E5628DA2FFA00FB673A /* Model */ = {
			isa = PBXGroup;
			children = (
				A85C4E6828DA366D00FB673A /* Usertask.swift */,
			);
			path = Model;
			sourceTree = "<group>";
		};
		A85C4E5828DA300B00FB673A /* Interactor */ = {
			isa = PBXGroup;
			children = (
				A86FEB3928E5804800E42FEE /* UsertaskInteractor.swift */,
				A805FFA92908E17100918B49 /* MarkdownInteractor.swift */,
				A8375E1B290BEC3100D4E447 /* UserSettingInteractor.swift */,
			);
			path = Interactor;
			sourceTree = "<group>";
		};
		A85C4E5928DA301000FB673A /* Repository */ = {
			isa = PBXGroup;
			children = (
				A805FFAD2908F99100918B49 /* Repository.swift */,
				A805FFB72909BFDE00918B49 /* Dao.swift */,
				A805FFB12908FAB800918B49 /* DaoMock.swift */,
			);
			path = Repository;
			sourceTree = "<group>";
		};
		A85C4E5A28DA301700FB673A /* CoreData */ = {
			isa = PBXGroup;
			children = (
				A8C1E77F28E5ABEC001878EF /* Database.xcdatamodeld */,
				A805FFBB2909C31000918B49 /* UsertaskMO.swift */,
				A805FFB92909C0C300918B49 /* PersistenceController.swift */,
			);
			path = CoreData;
			sourceTree = "<group>";
		};
		A85C4E7E28DAC9D300FB673A /* Util */ = {
			isa = PBXGroup;
			children = (
				A85C4E8028DAC9F200FB673A /* Extension.swift */,
				A8D6656A28F68B2800220661 /* SwiftUIListRecoder.swift */,
			);
			path = Util;
			sourceTree = "<group>";
		};
		A864DB4128EC20E400B9DC46 /* Config */ = {
			isa = PBXGroup;
			children = (
				A864DB4228EC210800B9DC46 /* Config.swift */,
			);
			path = Config;
			sourceTree = "<group>";
		};
		A864DB4428EC399100B9DC46 /* Component */ = {
			isa = PBXGroup;
			children = (
				A8D6655D28F66AF500220661 /* TaskBlock.swift */,
				A864DB3F28EC0D6700B9DC46 /* TaskRow.swift */,
				A864DB8428F5140500B9DC46 /* SearchBlock.swift */,
				A85C4E6A28DAB34000FB673A /* MarkdownContent.swift */,
			);
			path = Component;
			sourceTree = "<group>";
		};
/* End PBXGroup section */

/* Begin PBXNativeTarget section */
		A85C4E3F28D9A78900FB673A /* Fadeno */ = {
			isa = PBXNativeTarget;
			buildConfigurationList = A85C4E4F28D9A78B00FB673A /* Build configuration list for PBXNativeTarget "Fadeno" */;
			buildPhases = (
				A85C4E3C28D9A78900FB673A /* Sources */,
				A85C4E3D28D9A78900FB673A /* Frameworks */,
				A85C4E3E28D9A78900FB673A /* Resources */,
			);
			buildRules = (
			);
			dependencies = (
			);
			name = Fadeno;
			packageProductDependencies = (
				A85C4E8C28DAED9600FB673A /* UIComponent */,
			);
			productName = Fadeno;
			productReference = A85C4E4028D9A78900FB673A /* Fadeno.app */;
			productType = "com.apple.product-type.application";
		};
/* End PBXNativeTarget section */

/* Begin PBXProject section */
		A85C4E3828D9A78900FB673A /* Project object */ = {
			isa = PBXProject;
			attributes = {
				BuildIndependentTargetsInParallel = 1;
				LastSwiftUpdateCheck = 1400;
				LastUpgradeCheck = 1400;
				TargetAttributes = {
					A85C4E3F28D9A78900FB673A = {
						CreatedOnToolsVersion = 14.0;
					};
				};
			};
			buildConfigurationList = A85C4E3B28D9A78900FB673A /* Build configuration list for PBXProject "Fadeno" */;
			compatibilityVersion = "Xcode 14.0";
			developmentRegion = en;
			hasScannedForEncodings = 0;
			knownRegions = (
				en,
				Base,
				"zh-Hant",
			);
			mainGroup = A85C4E3728D9A78900FB673A;
			packageReferences = (
				A85C4E8B28DAED9600FB673A /* XCRemoteSwiftPackageReference "UIComponent" */,
			);
			productRefGroup = A85C4E4128D9A78900FB673A /* Products */;
			projectDirPath = "";
			projectRoot = "";
			targets = (
				A85C4E3F28D9A78900FB673A /* Fadeno */,
			);
		};
/* End PBXProject section */

/* Begin PBXResourcesBuildPhase section */
		A85C4E3E28D9A78900FB673A /* Resources */ = {
			isa = PBXResourcesBuildPhase;
			buildActionMask = 2147483647;
			files = (
				A85C4E4B28D9A78B00FB673A /* Preview Assets.xcassets in Resources */,
				A8D6656628F66E5400220661 /* Localizable.strings in Resources */,
				A85C4E4828D9A78B00FB673A /* Assets.xcassets in Resources */,
			);
			runOnlyForDeploymentPostprocessing = 0;
		};
/* End PBXResourcesBuildPhase section */

/* Begin PBXSourcesBuildPhase section */
		A85C4E3C28D9A78900FB673A /* Sources */ = {
			isa = PBXSourcesBuildPhase;
			buildActionMask = 2147483647;
			files = (
				A8E40E8F290BBDD800BA4ED8 /* HomeView.swift in Sources */,
				A86FEB3428E459B800E42FEE /* MainView.swift in Sources */,
				A85C4E4628D9A78900FB673A /* ContentView.swift in Sources */,
				A805FFB22908FAB800918B49 /* DaoMock.swift in Sources */,
				A864DB4028EC0D6700B9DC46 /* TaskRow.swift in Sources */,
				A864DB4328EC210800B9DC46 /* Config.swift in Sources */,
				A805FFAE2908F99100918B49 /* Repository.swift in Sources */,
				A8E40E8A290BB00800BA4ED8 /* SettingView.swift in Sources */,
				A85C4E5D28DA305C00FB673A /* DIContainer.swift in Sources */,
				A805FFAA2908E17100918B49 /* MarkdownInteractor.swift in Sources */,
				A8C1E78128E5ABEC001878EF /* Database.xcdatamodeld in Sources */,
				A85C4E6B28DAB34000FB673A /* MarkdownContent.swift in Sources */,
				A864DB3C28EBFF3200B9DC46 /* Mock.swift in Sources */,
				A85C4E4428D9A78900FB673A /* FadenoApp.swift in Sources */,
				A85C4E6928DA366D00FB673A /* Usertask.swift in Sources */,
				A8E40E8D290BBBDB00BA4ED8 /* ProfileView.swift in Sources */,
				A86FEB3A28E5804800E42FEE /* UsertaskInteractor.swift in Sources */,
				A85C4E8128DAC9F200FB673A /* Extension.swift in Sources */,
				A8E40E88290A661300BA4ED8 /* SingleTaskListView.swift in Sources */,
				A805FFBA2909C0C300918B49 /* PersistenceController.swift in Sources */,
				A8357F3828FC677800B0CDC8 /* MultipleTaskListView.swift in Sources */,
				A8D6656B28F68B2800220661 /* SwiftUIListRecoder.swift in Sources */,
				A8375E1C290BEC3100D4E447 /* UserSettingInteractor.swift in Sources */,
				A805FFBC2909C31000918B49 /* UsertaskMO.swift in Sources */,
				A86FEB3628E57F7800E42FEE /* AppState.swift in Sources */,
				A8D6655E28F66AF500220661 /* TaskBlock.swift in Sources */,
				A864DB8528F5140500B9DC46 /* SearchBlock.swift in Sources */,
				A805FFB82909BFDE00918B49 /* Dao.swift in Sources */,
			);
			runOnlyForDeploymentPostprocessing = 0;
		};
/* End PBXSourcesBuildPhase section */

/* Begin PBXVariantGroup section */
		A8D6656828F66E5400220661 /* Localizable.strings */ = {
			isa = PBXVariantGroup;
			children = (
				A8D6656728F66E5400220661 /* en */,
				A8D6656928F66E7700220661 /* zh-Hant */,
			);
			name = Localizable.strings;
			sourceTree = "<group>";
		};
/* End PBXVariantGroup section */

/* Begin XCBuildConfiguration section */
		A85C4E4D28D9A78B00FB673A /* Debug */ = {
			isa = XCBuildConfiguration;
			buildSettings = {
				ALWAYS_SEARCH_USER_PATHS = NO;
				CLANG_ANALYZER_LOCALIZABILITY_NONLOCALIZED = YES;
				CLANG_ANALYZER_NONNULL = YES;
				CLANG_ANALYZER_NUMBER_OBJECT_CONVERSION = YES_AGGRESSIVE;
				CLANG_CXX_LANGUAGE_STANDARD = "gnu++20";
				CLANG_ENABLE_MODULES = YES;
				CLANG_ENABLE_OBJC_ARC = YES;
				CLANG_ENABLE_OBJC_WEAK = YES;
				CLANG_WARN_BLOCK_CAPTURE_AUTORELEASING = YES;
				CLANG_WARN_BOOL_CONVERSION = YES;
				CLANG_WARN_COMMA = YES;
				CLANG_WARN_CONSTANT_CONVERSION = YES;
				CLANG_WARN_DEPRECATED_OBJC_IMPLEMENTATIONS = YES;
				CLANG_WARN_DIRECT_OBJC_ISA_USAGE = YES_ERROR;
				CLANG_WARN_DOCUMENTATION_COMMENTS = YES;
				CLANG_WARN_EMPTY_BODY = YES;
				CLANG_WARN_ENUM_CONVERSION = YES;
				CLANG_WARN_INFINITE_RECURSION = YES;
				CLANG_WARN_INT_CONVERSION = YES;
				CLANG_WARN_NON_LITERAL_NULL_CONVERSION = YES;
				CLANG_WARN_OBJC_IMPLICIT_RETAIN_SELF = YES;
				CLANG_WARN_OBJC_LITERAL_CONVERSION = YES;
				CLANG_WARN_OBJC_ROOT_CLASS = YES_ERROR;
				CLANG_WARN_QUOTED_INCLUDE_IN_FRAMEWORK_HEADER = YES;
				CLANG_WARN_RANGE_LOOP_ANALYSIS = YES;
				CLANG_WARN_STRICT_PROTOTYPES = YES;
				CLANG_WARN_SUSPICIOUS_MOVE = YES;
				CLANG_WARN_UNGUARDED_AVAILABILITY = YES_AGGRESSIVE;
				CLANG_WARN_UNREACHABLE_CODE = YES;
				CLANG_WARN__DUPLICATE_METHOD_MATCH = YES;
				COPY_PHASE_STRIP = NO;
				DEBUG_INFORMATION_FORMAT = dwarf;
				ENABLE_STRICT_OBJC_MSGSEND = YES;
				ENABLE_TESTABILITY = YES;
				GCC_C_LANGUAGE_STANDARD = gnu11;
				GCC_DYNAMIC_NO_PIC = NO;
				GCC_NO_COMMON_BLOCKS = YES;
				GCC_OPTIMIZATION_LEVEL = 0;
				GCC_PREPROCESSOR_DEFINITIONS = (
					"DEBUG=1",
					"$(inherited)",
				);
				GCC_WARN_64_TO_32_BIT_CONVERSION = YES;
				GCC_WARN_ABOUT_RETURN_TYPE = YES_ERROR;
				GCC_WARN_UNDECLARED_SELECTOR = YES;
				GCC_WARN_UNINITIALIZED_AUTOS = YES_AGGRESSIVE;
				GCC_WARN_UNUSED_FUNCTION = YES;
				GCC_WARN_UNUSED_VARIABLE = YES;
				MACOSX_DEPLOYMENT_TARGET = 12.3;
				MTL_ENABLE_DEBUG_INFO = INCLUDE_SOURCE;
				MTL_FAST_MATH = YES;
				ONLY_ACTIVE_ARCH = YES;
				SDKROOT = macosx;
				SWIFT_ACTIVE_COMPILATION_CONDITIONS = DEBUG;
				SWIFT_OPTIMIZATION_LEVEL = "-Onone";
			};
			name = Debug;
		};
		A85C4E4E28D9A78B00FB673A /* Release */ = {
			isa = XCBuildConfiguration;
			buildSettings = {
				ALWAYS_SEARCH_USER_PATHS = NO;
				CLANG_ANALYZER_LOCALIZABILITY_NONLOCALIZED = YES;
				CLANG_ANALYZER_NONNULL = YES;
				CLANG_ANALYZER_NUMBER_OBJECT_CONVERSION = YES_AGGRESSIVE;
				CLANG_CXX_LANGUAGE_STANDARD = "gnu++20";
				CLANG_ENABLE_MODULES = YES;
				CLANG_ENABLE_OBJC_ARC = YES;
				CLANG_ENABLE_OBJC_WEAK = YES;
				CLANG_WARN_BLOCK_CAPTURE_AUTORELEASING = YES;
				CLANG_WARN_BOOL_CONVERSION = YES;
				CLANG_WARN_COMMA = YES;
				CLANG_WARN_CONSTANT_CONVERSION = YES;
				CLANG_WARN_DEPRECATED_OBJC_IMPLEMENTATIONS = YES;
				CLANG_WARN_DIRECT_OBJC_ISA_USAGE = YES_ERROR;
				CLANG_WARN_DOCUMENTATION_COMMENTS = YES;
				CLANG_WARN_EMPTY_BODY = YES;
				CLANG_WARN_ENUM_CONVERSION = YES;
				CLANG_WARN_INFINITE_RECURSION = YES;
				CLANG_WARN_INT_CONVERSION = YES;
				CLANG_WARN_NON_LITERAL_NULL_CONVERSION = YES;
				CLANG_WARN_OBJC_IMPLICIT_RETAIN_SELF = YES;
				CLANG_WARN_OBJC_LITERAL_CONVERSION = YES;
				CLANG_WARN_OBJC_ROOT_CLASS = YES_ERROR;
				CLANG_WARN_QUOTED_INCLUDE_IN_FRAMEWORK_HEADER = YES;
				CLANG_WARN_RANGE_LOOP_ANALYSIS = YES;
				CLANG_WARN_STRICT_PROTOTYPES = YES;
				CLANG_WARN_SUSPICIOUS_MOVE = YES;
				CLANG_WARN_UNGUARDED_AVAILABILITY = YES_AGGRESSIVE;
				CLANG_WARN_UNREACHABLE_CODE = YES;
				CLANG_WARN__DUPLICATE_METHOD_MATCH = YES;
				COPY_PHASE_STRIP = NO;
				DEBUG_INFORMATION_FORMAT = "dwarf-with-dsym";
				ENABLE_NS_ASSERTIONS = NO;
				ENABLE_STRICT_OBJC_MSGSEND = YES;
				GCC_C_LANGUAGE_STANDARD = gnu11;
				GCC_NO_COMMON_BLOCKS = YES;
				GCC_WARN_64_TO_32_BIT_CONVERSION = YES;
				GCC_WARN_ABOUT_RETURN_TYPE = YES_ERROR;
				GCC_WARN_UNDECLARED_SELECTOR = YES;
				GCC_WARN_UNINITIALIZED_AUTOS = YES_AGGRESSIVE;
				GCC_WARN_UNUSED_FUNCTION = YES;
				GCC_WARN_UNUSED_VARIABLE = YES;
				MACOSX_DEPLOYMENT_TARGET = 12.3;
				MTL_ENABLE_DEBUG_INFO = NO;
				MTL_FAST_MATH = YES;
				SDKROOT = macosx;
				SWIFT_COMPILATION_MODE = wholemodule;
				SWIFT_OPTIMIZATION_LEVEL = "-O";
			};
			name = Release;
		};
		A85C4E5028D9A78B00FB673A /* Debug */ = {
			isa = XCBuildConfiguration;
			buildSettings = {
				ASSETCATALOG_COMPILER_APPICON_NAME = AppIcon;
				ASSETCATALOG_COMPILER_GLOBAL_ACCENT_COLOR_NAME = AccentColor;
				CODE_SIGN_ENTITLEMENTS = Fadeno/Resource/Fadeno.entitlements;
				CODE_SIGN_STYLE = Automatic;
				COMBINE_HIDPI_IMAGES = YES;
				CURRENT_PROJECT_VERSION = 1;
				DEVELOPMENT_ASSET_PATHS = "\"Fadeno/Resource\"";
				DEVELOPMENT_TEAM = Y366CJ66L6;
				ENABLE_HARDENED_RUNTIME = YES;
				ENABLE_PREVIEWS = YES;
				GENERATE_INFOPLIST_FILE = YES;
				INFOPLIST_KEY_NSHumanReadableCopyright = "";
				LD_RUNPATH_SEARCH_PATHS = (
					"$(inherited)",
					"@executable_path/../Frameworks",
				);
				MARKETING_VERSION = 1.0;
				PRODUCT_BUNDLE_IDENTIFIER = com.yanunyang.Fadeno;
				PRODUCT_NAME = "$(TARGET_NAME)";
				SWIFT_EMIT_LOC_STRINGS = YES;
				SWIFT_VERSION = 5.0;
			};
			name = Debug;
		};
		A85C4E5128D9A78B00FB673A /* Release */ = {
			isa = XCBuildConfiguration;
			buildSettings = {
				ASSETCATALOG_COMPILER_APPICON_NAME = AppIcon;
				ASSETCATALOG_COMPILER_GLOBAL_ACCENT_COLOR_NAME = AccentColor;
				CODE_SIGN_ENTITLEMENTS = Fadeno/Resource/Fadeno.entitlements;
				CODE_SIGN_STYLE = Automatic;
				COMBINE_HIDPI_IMAGES = YES;
				CURRENT_PROJECT_VERSION = 1;
				DEVELOPMENT_ASSET_PATHS = "\"Fadeno/Resource\"";
				DEVELOPMENT_TEAM = Y366CJ66L6;
				ENABLE_HARDENED_RUNTIME = YES;
				ENABLE_PREVIEWS = YES;
				GENERATE_INFOPLIST_FILE = YES;
				INFOPLIST_KEY_NSHumanReadableCopyright = "";
				LD_RUNPATH_SEARCH_PATHS = (
					"$(inherited)",
					"@executable_path/../Frameworks",
				);
				MARKETING_VERSION = 1.0;
				PRODUCT_BUNDLE_IDENTIFIER = com.yanunyang.Fadeno;
				PRODUCT_NAME = "$(TARGET_NAME)";
				SWIFT_EMIT_LOC_STRINGS = YES;
				SWIFT_VERSION = 5.0;
			};
			name = Release;
		};
/* End XCBuildConfiguration section */

/* Begin XCConfigurationList section */
		A85C4E3B28D9A78900FB673A /* Build configuration list for PBXProject "Fadeno" */ = {
			isa = XCConfigurationList;
			buildConfigurations = (
				A85C4E4D28D9A78B00FB673A /* Debug */,
				A85C4E4E28D9A78B00FB673A /* Release */,
			);
			defaultConfigurationIsVisible = 0;
			defaultConfigurationName = Release;
		};
		A85C4E4F28D9A78B00FB673A /* Build configuration list for PBXNativeTarget "Fadeno" */ = {
			isa = XCConfigurationList;
			buildConfigurations = (
				A85C4E5028D9A78B00FB673A /* Debug */,
				A85C4E5128D9A78B00FB673A /* Release */,
			);
			defaultConfigurationIsVisible = 0;
			defaultConfigurationName = Release;
		};
/* End XCConfigurationList section */

/* Begin XCRemoteSwiftPackageReference section */
		A85C4E8B28DAED9600FB673A /* XCRemoteSwiftPackageReference "UIComponent" */ = {
			isa = XCRemoteSwiftPackageReference;
			repositoryURL = "https://github.com/yanun0323/UIComponent.git";
			requirement = {
				branch = master;
				kind = branch;
			};
		};
/* End XCRemoteSwiftPackageReference section */

/* Begin XCSwiftPackageProductDependency section */
		A85C4E8C28DAED9600FB673A /* UIComponent */ = {
			isa = XCSwiftPackageProductDependency;
			package = A85C4E8B28DAED9600FB673A /* XCRemoteSwiftPackageReference "UIComponent" */;
			productName = UIComponent;
		};
/* End XCSwiftPackageProductDependency section */

/* Begin XCVersionGroup section */
		A8C1E77F28E5ABEC001878EF /* Database.xcdatamodeld */ = {
			isa = XCVersionGroup;
			children = (
				A8C1E78028E5ABEC001878EF /* Database.xcdatamodel */,
			);
			currentVersion = A8C1E78028E5ABEC001878EF /* Database.xcdatamodel */;
			path = Database.xcdatamodeld;
			sourceTree = "<group>";
			versionGroupType = wrapper.xcdatamodel;
		};
/* End XCVersionGroup section */
	};
	rootObject = A85C4E3828D9A78900FB673A /* Project object */;
}
